
Microsoft Visual Studio Solution File, Format Version 12.00
# Visual Studio 14
VisualStudioVersion = 14.0.23107.0
MinimumVisualStudioVersion = 10.0.40219.1
Project("{FAE04EC0-301F-11D3-BF4B-00C04F79EFBC}") = "ApiTokenDemo", "ApiTokenDemo\ApiTokenDemo.csproj", "{B7F2B4A9-FCC1-43F6-9D8D-9B8AE75BC6E0}"
EndProject
Project("{FAE04EC0-301F-11D3-BF4B-00C04F79EFBC}") = "ClsBsaic", "ClsBsaic\ClsBsaic.csproj", "{365ABF06-944F-4848-9179-D1C679ADBE07}"
EndProject
Project("{2150E333-8FDC-42A3-9474-1A3956D46DE8}") = "BaseDLL", "BaseDLL", "{F7EA5DBD-4F04-400B-B9C7-D50C905E20F0}"
EndProject
Project("{FAE04EC0-301F-11D3-BF4B-00C04F79EFBC}") = "BaseBLL", "BaseBLL\BaseBLL.csproj", "{1744F956-69AB-46A7-9FC1-CDB5D798EC7A}"
EndProject
Project("{FAE04EC0-301F-11D3-BF4B-00C04F79EFBC}") = "BaseEntity", "BaseEntity\BaseEntity.csproj", "{7AA6C065-6144-4292-A293-58BB19B7145F}"
EndProject
Project("{FAE04EC0-301F-11D3-BF4B-00C04F79EFBC}") = "BaseDAL", "BaseDAL\BaseDAL.csproj", "{7042850A-009A-4ADA-B0A7-77D1D9A0E07E}"
EndProject
Project("{2150E333-8FDC-42A3-9474-1A3956D46DE8}") = "Service", "Service", "{AF374907-7DAF-46D3-9F2D-1EFB53F23842}"
EndProject
Project("{FAE04EC0-301F-11D3-BF4B-00C04F79EFBC}") = "DataContract", "DataContract\DataContract.csproj", "{0BAD4808-570C-4BB1-9DC7-DE0F0F5DF777}"
EndProject
Project("{FAE04EC0-301F-11D3-BF4B-00C04F79EFBC}") = "RestService", "RestService\RestService.csproj", "{A37AFFD9-55DB-4D8A-8906-D844CADF3AD5}"
EndProject
Project("{FAE04EC0-301F-11D3-BF4B-00C04F79EFBC}") = "ServiceContract", "ServiceContract\ServiceContract.csproj", "{DDEAC757-3452-4BF5-8E04-E31C8CEEBC22}"
EndProject
Project("{FAE04EC0-301F-11D3-BF4B-00C04F79EFBC}") = "ServiceHost", "ServiceHost\ServiceHost.csproj", "{C2702714-58E1-40F5-858C-DE4A4935A9AC}"
EndProject
Project("{2150E333-8FDC-42A3-9474-1A3956D46DE8}") = "Interface", "Interface", "{9C34D358-5290-4036-8B77-28C119738E98}"
EndProject
Project("{FAE04EC0-301F-11D3-BF4B-00C04F79EFBC}") = "BaseIBLL", "BaseIBLL\BaseIBLL.csproj", "{9AD9A651-F5DB-44B8-863F-E98FAA938F0F}"
EndProject
Project("{FAE04EC0-301F-11D3-BF4B-00C04F79EFBC}") = "BaseIDAL", "BaseIDAL\BaseIDAL.csproj", "{FC7E7D1D-76C3-48B0-AD8A-AE8F77D98C62}"
EndProject
Global
	GlobalSection(SolutionConfigurationPlatforms) = preSolution
		Debug|Any CPU = Debug|Any CPU
		Release|Any CPU = Release|Any CPU
	EndGlobalSection
	GlobalSection(ProjectConfigurationPlatforms) = postSolution
		{B7F2B4A9-FCC1-43F6-9D8D-9B8AE75BC6E0}.Debug|Any CPU.ActiveCfg = Debug|Any CPU
		{B7F2B4A9-FCC1-43F6-9D8D-9B8AE75BC6E0}.Debug|Any CPU.Build.0 = Debug|Any CPU
		{B7F2B4A9-FCC1-43F6-9D8D-9B8AE75BC6E0}.Release|Any CPU.ActiveCfg = Release|Any CPU
		{B7F2B4A9-FCC1-43F6-9D8D-9B8AE75BC6E0}.Release|Any CPU.Build.0 = Release|Any CPU
		{365ABF06-944F-4848-9179-D1C679ADBE07}.Debug|Any CPU.ActiveCfg = Debug|Any CPU
		{365ABF06-944F-4848-9179-D1C679ADBE07}.Debug|Any CPU.Build.0 = Debug|Any CPU
		{365ABF06-944F-4848-9179-D1C679ADBE07}.Release|Any CPU.ActiveCfg = Release|Any CPU
		{365ABF06-944F-4848-9179-D1C679ADBE07}.Release|Any CPU.Build.0 = Release|Any CPU
		{1744F956-69AB-46A7-9FC1-CDB5D798EC7A}.Debug|Any CPU.ActiveCfg = Debug|Any CPU
		{1744F956-69AB-46A7-9FC1-CDB5D798EC7A}.Debug|Any CPU.Build.0 = Debug|Any CPU
		{1744F956-69AB-46A7-9FC1-CDB5D798EC7A}.Release|Any CPU.ActiveCfg = Release|Any CPU
		{1744F956-69AB-46A7-9FC1-CDB5D798EC7A}.Release|Any CPU.Build.0 = Release|Any CPU
		{7AA6C065-6144-4292-A293-58BB19B7145F}.Debug|Any CPU.ActiveCfg = Debug|Any CPU
		{7AA6C065-6144-4292-A293-58BB19B7145F}.Debug|Any CPU.Build.0 = Debug|Any CPU
		{7AA6C065-6144-4292-A293-58BB19B7145F}.Release|Any CPU.ActiveCfg = Release|Any CPU
		{7AA6C065-6144-4292-A293-58BB19B7145F}.Release|Any CPU.Build.0 = Release|Any CPU
		{7042850A-009A-4ADA-B0A7-77D1D9A0E07E}.Debug|Any CPU.ActiveCfg = Debug|Any CPU
		{7042850A-009A-4ADA-B0A7-77D1D9A0E07E}.Debug|Any CPU.Build.0 = Debug|Any CPU
		{7042850A-009A-4ADA-B0A7-77D1D9A0E07E}.Release|Any CPU.ActiveCfg = Release|Any CPU
		{7042850A-009A-4ADA-B0A7-77D1D9A0E07E}.Release|Any CPU.Build.0 = Release|Any CPU
		{0BAD4808-570C-4BB1-9DC7-DE0F0F5DF777}.Debug|Any CPU.ActiveCfg = Debug|Any CPU
		{0BAD4808-570C-4BB1-9DC7-DE0F0F5DF777}.Debug|Any CPU.Build.0 = Debug|Any CPU
		{0BAD4808-570C-4BB1-9DC7-DE0F0F5DF777}.Release|Any CPU.ActiveCfg = Release|Any CPU
		{0BAD4808-570C-4BB1-9DC7-DE0F0F5DF777}.Release|Any CPU.Build.0 = Release|Any CPU
		{A37AFFD9-55DB-4D8A-8906-D844CADF3AD5}.Debug|Any CPU.ActiveCfg = Debug|Any CPU
		{A37AFFD9-55DB-4D8A-8906-D844CADF3AD5}.Debug|Any CPU.Build.0 = Debug|Any CPU
		{A37AFFD9-55DB-4D8A-8906-D844CADF3AD5}.Release|Any CPU.ActiveCfg = Release|Any CPU
		{A37AFFD9-55DB-4D8A-8906-D844CADF3AD5}.Release|Any CPU.Build.0 = Release|Any CPU
		{DDEAC757-3452-4BF5-8E04-E31C8CEEBC22}.Debug|Any CPU.ActiveCfg = Debug|Any CPU
		{DDEAC757-3452-4BF5-8E04-E31C8CEEBC22}.Debug|Any CPU.Build.0 = Debug|Any CPU
		{DDEAC757-3452-4BF5-8E04-E31C8CEEBC22}.Release|Any CPU.ActiveCfg = Release|Any CPU
		{DDEAC757-3452-4BF5-8E04-E31C8CEEBC22}.Release|Any CPU.Build.0 = Release|Any CPU
		{C2702714-58E1-40F5-858C-DE4A4935A9AC}.Debug|Any CPU.ActiveCfg = Debug|Any CPU
		{C2702714-58E1-40F5-858C-DE4A4935A9AC}.Debug|Any CPU.Build.0 = Debug|Any CPU
		{C2702714-58E1-40F5-858C-DE4A4935A9AC}.Release|Any CPU.ActiveCfg = Release|Any CPU
		{C2702714-58E1-40F5-858C-DE4A4935A9AC}.Release|Any CPU.Build.0 = Release|Any CPU
		{9AD9A651-F5DB-44B8-863F-E98FAA938F0F}.Debug|Any CPU.ActiveCfg = Debug|Any CPU
		{9AD9A651-F5DB-44B8-863F-E98FAA938F0F}.Debug|Any CPU.Build.0 = Debug|Any CPU
		{9AD9A651-F5DB-44B8-863F-E98FAA938F0F}.Release|Any CPU.ActiveCfg = Release|Any CPU
		{9AD9A651-F5DB-44B8-863F-E98FAA938F0F}.Release|Any CPU.Build.0 = Release|Any CPU
		{FC7E7D1D-76C3-48B0-AD8A-AE8F77D98C62}.Debug|Any CPU.ActiveCfg = Debug|Any CPU
		{FC7E7D1D-76C3-48B0-AD8A-AE8F77D98C62}.Debug|Any CPU.Build.0 = Debug|Any CPU
		{FC7E7D1D-76C3-48B0-AD8A-AE8F77D98C62}.Release|Any CPU.ActiveCfg = Release|Any CPU
		{FC7E7D1D-76C3-48B0-AD8A-AE8F77D98C62}.Release|Any CPU.Build.0 = Release|Any CPU
	EndGlobalSection
	GlobalSection(SolutionProperties) = preSolution
		HideSolutionNode = FALSE
	EndGlobalSection
	GlobalSection(NestedProjects) = preSolution
		{1744F956-69AB-46A7-9FC1-CDB5D798EC7A} = {F7EA5DBD-4F04-400B-B9C7-D50C905E20F0}
		{7AA6C065-6144-4292-A293-58BB19B7145F} = {F7EA5DBD-4F04-400B-B9C7-D50C905E20F0}
		{7042850A-009A-4ADA-B0A7-77D1D9A0E07E} = {F7EA5DBD-4F04-400B-B9C7-D50C905E20F0}
		{0BAD4808-570C-4BB1-9DC7-DE0F0F5DF777} = {AF374907-7DAF-46D3-9F2D-1EFB53F23842}
		{A37AFFD9-55DB-4D8A-8906-D844CADF3AD5} = {AF374907-7DAF-46D3-9F2D-1EFB53F23842}
		{DDEAC757-3452-4BF5-8E04-E31C8CEEBC22} = {AF374907-7DAF-46D3-9F2D-1EFB53F23842}
		{C2702714-58E1-40F5-858C-DE4A4935A9AC} = {AF374907-7DAF-46D3-9F2D-1EFB53F23842}
		{9AD9A651-F5DB-44B8-863F-E98FAA938F0F} = {9C34D358-5290-4036-8B77-28C119738E98}
		{FC7E7D1D-76C3-48B0-AD8A-AE8F77D98C62} = {9C34D358-5290-4036-8B77-28C119738E98}
	EndGlobalSection
EndGlobal
